
Microsoft Visual Studio Solution File, Format Version 12.00
# Visual Studio Version 16
VisualStudioVersion = 16.0.31515.178
MinimumVisualStudioVersion = 10.0.40219.1
Project("{9A19103F-16F7-4668-BE54-9A1E7A4F7556}") = "Application", "Application\Application.csproj", "{C12FA4D4-184C-4C1F-A561-85C539CE3646}"
EndProject
Project("{9A19103F-16F7-4668-BE54-9A1E7A4F7556}") = "Application.Migrations", "Application.Migrations\Application.Migrations.csproj", "{BDBDBBBA-12AE-4079-A9D0-ABF5693E3726}"
EndProject
Project("{9A19103F-16F7-4668-BE54-9A1E7A4F7556}") = "Application.Infrastructure", "Application.Infrastructure\Application.Infrastructure.csproj", "{E1434660-00B2-41C2-BB2E-9B1D2879B5CF}"
EndProject
Project("{FAE04EC0-301F-11D3-BF4B-00C04F79EFBC}") = "Application.Tests", "Application.Tests\Application.Tests.csproj", "{F543ECEB-BD64-4F89-AEF3-E6FE53491878}"
EndProject
Global
	GlobalSection(SolutionConfigurationPlatforms) = preSolution
		Debug|Any CPU = Debug|Any CPU
		Debug|x64 = Debug|x64
		Debug|x86 = Debug|x86
		Release|Any CPU = Release|Any CPU
		Release|x64 = Release|x64
		Release|x86 = Release|x86
	EndGlobalSection
	GlobalSection(ProjectConfigurationPlatforms) = postSolution
		{C12FA4D4-184C-4C1F-A561-85C539CE3646}.Debug|Any CPU.ActiveCfg = Debug|Any CPU
		{C12FA4D4-184C-4C1F-A561-85C539CE3646}.Debug|Any CPU.Build.0 = Debug|Any CPU
		{C12FA4D4-184C-4C1F-A561-85C539CE3646}.Debug|x64.ActiveCfg = Debug|Any CPU
		{C12FA4D4-184C-4C1F-A561-85C539CE3646}.Debug|x64.Build.0 = Debug|Any CPU
		{C12FA4D4-184C-4C1F-A561-85C539CE3646}.Debug|x86.ActiveCfg = Debug|Any CPU
		{C12FA4D4-184C-4C1F-A561-85C539CE3646}.Debug|x86.Build.0 = Debug|Any CPU
		{C12FA4D4-184C-4C1F-A561-85C539CE3646}.Release|Any CPU.ActiveCfg = Release|Any CPU
		{C12FA4D4-184C-4C1F-A561-85C539CE3646}.Release|Any CPU.Build.0 = Release|Any CPU
		{C12FA4D4-184C-4C1F-A561-85C539CE3646}.Release|x64.ActiveCfg = Release|Any CPU
		{C12FA4D4-184C-4C1F-A561-85C539CE3646}.Release|x64.Build.0 = Release|Any CPU
		{C12FA4D4-184C-4C1F-A561-85C539CE3646}.Release|x86.ActiveCfg = Release|Any CPU
		{C12FA4D4-184C-4C1F-A561-85C539CE3646}.Release|x86.Build.0 = Release|Any CPU
		{BDBDBBBA-12AE-4079-A9D0-ABF5693E3726}.Debug|Any CPU.ActiveCfg = Debug|Any CPU
		{BDBDBBBA-12AE-4079-A9D0-ABF5693E3726}.Debug|Any CPU.Build.0 = Debug|Any CPU
		{BDBDBBBA-12AE-4079-A9D0-ABF5693E3726}.Debug|x64.ActiveCfg = Debug|Any CPU
		{BDBDBBBA-12AE-4079-A9D0-ABF5693E3726}.Debug|x64.Build.0 = Debug|Any CPU
		{BDBDBBBA-12AE-4079-A9D0-ABF5693E3726}.Debug|x86.ActiveCfg = Debug|Any CPU
		{BDBDBBBA-12AE-4079-A9D0-ABF5693E3726}.Debug|x86.Build.0 = Debug|Any CPU
		{BDBDBBBA-12AE-4079-A9D0-ABF5693E3726}.Release|Any CPU.ActiveCfg = Release|Any CPU
		{BDBDBBBA-12AE-4079-A9D0-ABF5693E3726}.Release|Any CPU.Build.0 = Release|Any CPU
		{BDBDBBBA-12AE-4079-A9D0-ABF5693E3726}.Release|x64.ActiveCfg = Release|Any CPU
		{BDBDBBBA-12AE-4079-A9D0-ABF5693E3726}.Release|x64.Build.0 = Release|Any CPU
		{BDBDBBBA-12AE-4079-A9D0-ABF5693E3726}.Release|x86.ActiveCfg = Release|Any CPU
		{BDBDBBBA-12AE-4079-A9D0-ABF5693E3726}.Release|x86.Build.0 = Release|Any CPU
		{E1434660-00B2-41C2-BB2E-9B1D2879B5CF}.Debug|Any CPU.ActiveCfg = Debug|Any CPU
		{E1434660-00B2-41C2-BB2E-9B1D2879B5CF}.Debug|Any CPU.Build.0 = Debug|Any CPU
		{E1434660-00B2-41C2-BB2E-9B1D2879B5CF}.Debug|x64.ActiveCfg = Debug|Any CPU
		{E1434660-00B2-41C2-BB2E-9B1D2879B5CF}.Debug|x64.Build.0 = Debug|Any CPU
		{E1434660-00B2-41C2-BB2E-9B1D2879B5CF}.Debug|x86.ActiveCfg = Debug|Any CPU
		{E1434660-00B2-41C2-BB2E-9B1D2879B5CF}.Debug|x86.Build.0 = Debug|Any CPU
		{E1434660-00B2-41C2-BB2E-9B1D2879B5CF}.Release|Any CPU.ActiveCfg = Release|Any CPU
		{E1434660-00B2-41C2-BB2E-9B1D2879B5CF}.Release|Any CPU.Build.0 = Release|Any CPU
		{E1434660-00B2-41C2-BB2E-9B1D2879B5CF}.Release|x64.ActiveCfg = Release|Any CPU
		{E1434660-00B2-41C2-BB2E-9B1D2879B5CF}.Release|x64.Build.0 = Release|Any CPU
		{E1434660-00B2-41C2-BB2E-9B1D2879B5CF}.Release|x86.ActiveCfg = Release|Any CPU
		{E1434660-00B2-41C2-BB2E-9B1D2879B5CF}.Release|x86.Build.0 = Release|Any CPU
		{F543ECEB-BD64-4F89-AEF3-E6FE53491878}.Debug|Any CPU.ActiveCfg = Debug|Any CPU
		{F543ECEB-BD64-4F89-AEF3-E6FE53491878}.Debug|Any CPU.Build.0 = Debug|Any CPU
		{F543ECEB-BD64-4F89-AEF3-E6FE53491878}.Debug|x64.ActiveCfg = Debug|Any CPU
		{F543ECEB-BD64-4F89-AEF3-E6FE53491878}.Debug|x64.Build.0 = Debug|Any CPU
		{F543ECEB-BD64-4F89-AEF3-E6FE53491878}.Debug|x86.ActiveCfg = Debug|Any CPU
		{F543ECEB-BD64-4F89-AEF3-E6FE53491878}.Debug|x86.Build.0 = Debug|Any CPU
		{F543ECEB-BD64-4F89-AEF3-E6FE53491878}.Release|Any CPU.ActiveCfg = Release|Any CPU
		{F543ECEB-BD64-4F89-AEF3-E6FE53491878}.Release|Any CPU.Build.0 = Release|Any CPU
		{F543ECEB-BD64-4F89-AEF3-E6FE53491878}.Release|x64.ActiveCfg = Release|Any CPU
		{F543ECEB-BD64-4F89-AEF3-E6FE53491878}.Release|x64.Build.0 = Release|Any CPU
		{F543ECEB-BD64-4F89-AEF3-E6FE53491878}.Release|x86.ActiveCfg = Release|Any CPU
		{F543ECEB-BD64-4F89-AEF3-E6FE53491878}.Release|x86.Build.0 = Release|Any CPU
	EndGlobalSection
	GlobalSection(SolutionProperties) = preSolution
		HideSolutionNode = FALSE
	EndGlobalSection
	GlobalSection(ExtensibilityGlobals) = postSolution
		SolutionGuid = {FF8F589F-BD62-4665-82B2-E2CA174B6319}
	EndGlobalSection
EndGlobal
